
Microsoft Visual Studio Solution File, Format Version 10.00
# Visual Studio 2008
Project("{8BC9CEB8-8B4A-11D0-8D11-00A0C91BC942}") = "libfreetype2", "libfreetype2.vcproj", "{001750E6-9382-43C3-B2CB-85C941684E7F}"
EndProject
Global
	GlobalSection(SolutionConfigurationPlatforms) = preSolution
		Debug|Win32 = Debug|Win32
		Release|Win32 = Release|Win32
	EndGlobalSection
	GlobalSection(ProjectConfigurationPlatforms) = postSolution
		{001750E6-9382-43C3-B2CB-85C941684E7F}.Debug|Win32.ActiveCfg = Debug|Win32
		{001750E6-9382-43C3-B2CB-85C941684E7F}.Debug|Win32.Build.0 = Debug|Win32
		{001750E6-9382-43C3-B2CB-85C941684E7F}.Release|Win32.ActiveCfg = Release|Win32
		{001750E6-9382-43C3-B2CB-85C941684E7F}.Release|Win32.Build.0 = Release|Win32
	EndGlobalSection
	GlobalSection(SolutionProperties) = preSolution
		HideSolutionNode = FALSE
	EndGlobalSection
EndGlobal
